
Microsoft Visual Studio Solution File, Format Version 12.00
# Visual Studio Version 16
VisualStudioVersion = 16.0.32126.315
MinimumVisualStudioVersion = 10.0.40219.1
Project("{FAE04EC0-301F-11D3-BF4B-00C04F79EFBC}") = "EmployeeBE", "EmployeeBE\EmployeeBE.csproj", "{34706D3E-2544-47F7-ADA3-D66A084E81FD}"
EndProject
Global
	GlobalSection(SolutionConfigurationPlatforms) = preSolution
		Debug|Any CPU = Debug|Any CPU
		Release|Any CPU = Release|Any CPU
	EndGlobalSection
	GlobalSection(ProjectConfigurationPlatforms) = postSolution
		{34706D3E-2544-47F7-ADA3-D66A084E81FD}.Debug|Any CPU.ActiveCfg = Debug|Any CPU
		{34706D3E-2544-47F7-ADA3-D66A084E81FD}.Debug|Any CPU.Build.0 = Debug|Any CPU
		{34706D3E-2544-47F7-ADA3-D66A084E81FD}.Release|Any CPU.ActiveCfg = Release|Any CPU
		{34706D3E-2544-47F7-ADA3-D66A084E81FD}.Release|Any CPU.Build.0 = Release|Any CPU
	EndGlobalSection
	GlobalSection(SolutionProperties) = preSolution
		HideSolutionNode = FALSE
	EndGlobalSection
	GlobalSection(ExtensibilityGlobals) = postSolution
		SolutionGuid = {7890A358-7C15-402A-B619-A8CB6F6A4743}
	EndGlobalSection
EndGlobal
